
Microsoft Visual Studio Solution File, Format Version 12.00
# Visual Studio Version 17
VisualStudioVersion = 17.3.32929.385
MinimumVisualStudioVersion = 10.0.40219.1
Project("{FAE04EC0-301F-11D3-BF4B-00C04F79EFBC}") = "作業(Exec_DateTime_Q6)-21謝孟勳", "作業(Exec_DateTime_Q6)-21謝孟勳\作業(Exec_DateTime_Q6)-21謝孟勳.csproj", "{6C0AA0C8-3E90-4579-8626-F084F0F11826}"
EndProject
Global
	GlobalSection(SolutionConfigurationPlatforms) = preSolution
		Debug|Any CPU = Debug|Any CPU
		Release|Any CPU = Release|Any CPU
	EndGlobalSection
	GlobalSection(ProjectConfigurationPlatforms) = postSolution
		{6C0AA0C8-3E90-4579-8626-F084F0F11826}.Debug|Any CPU.ActiveCfg = Debug|Any CPU
		{6C0AA0C8-3E90-4579-8626-F084F0F11826}.Debug|Any CPU.Build.0 = Debug|Any CPU
		{6C0AA0C8-3E90-4579-8626-F084F0F11826}.Release|Any CPU.ActiveCfg = Release|Any CPU
		{6C0AA0C8-3E90-4579-8626-F084F0F11826}.Release|Any CPU.Build.0 = Release|Any CPU
	EndGlobalSection
	GlobalSection(SolutionProperties) = preSolution
		HideSolutionNode = FALSE
	EndGlobalSection
	GlobalSection(ExtensibilityGlobals) = postSolution
		SolutionGuid = {C8355D48-3DE0-4D3D-899C-4BC2FAAF437C}
	EndGlobalSection
EndGlobal
